
Microsoft Visual Studio Solution File, Format Version 12.00
# Visual Studio Version 17
VisualStudioVersion = 17.5.33516.290
MinimumVisualStudioVersion = 10.0.40219.1
Project("{9A19103F-16F7-4668-BE54-9A1E7A4F7556}") = "CanepaJoaquinParcial", "ParcialLabo2\CanepaJoaquinParcial.csproj", "{27AFACF9-0334-4087-9B9C-FC1B421987F2}"
EndProject
Project("{9A19103F-16F7-4668-BE54-9A1E7A4F7556}") = "Entidades", "Entidades\Entidades.csproj", "{FB0B3F91-269B-41BC-9217-2341538DF75C}"
EndProject
Global
	GlobalSection(SolutionConfigurationPlatforms) = preSolution
		Debug|Any CPU = Debug|Any CPU
		Release|Any CPU = Release|Any CPU
	EndGlobalSection
	GlobalSection(ProjectConfigurationPlatforms) = postSolution
		{27AFACF9-0334-4087-9B9C-FC1B421987F2}.Debug|Any CPU.ActiveCfg = Debug|Any CPU
		{27AFACF9-0334-4087-9B9C-FC1B421987F2}.Debug|Any CPU.Build.0 = Debug|Any CPU
		{27AFACF9-0334-4087-9B9C-FC1B421987F2}.Release|Any CPU.ActiveCfg = Release|Any CPU
		{27AFACF9-0334-4087-9B9C-FC1B421987F2}.Release|Any CPU.Build.0 = Release|Any CPU
		{FB0B3F91-269B-41BC-9217-2341538DF75C}.Debug|Any CPU.ActiveCfg = Debug|Any CPU
		{FB0B3F91-269B-41BC-9217-2341538DF75C}.Debug|Any CPU.Build.0 = Debug|Any CPU
		{FB0B3F91-269B-41BC-9217-2341538DF75C}.Release|Any CPU.ActiveCfg = Release|Any CPU
		{FB0B3F91-269B-41BC-9217-2341538DF75C}.Release|Any CPU.Build.0 = Release|Any CPU
	EndGlobalSection
	GlobalSection(SolutionProperties) = preSolution
		HideSolutionNode = FALSE
	EndGlobalSection
	GlobalSection(ExtensibilityGlobals) = postSolution
		SolutionGuid = {E6B7CB06-C6FA-44B9-ACD4-F7426389BFBD}
	EndGlobalSection
EndGlobal
